# Generated by pub
# See https://dart.dev/tools/pub/glossary#lockfile
packages:
  async:
    dependency: transitive
    description:
      name: async
      sha256: db4766341bd8ecb66556f31ab891a5d596ef829221993531bd64a8e6342f0cda
      url: "https://pub.dev"
    source: hosted
    version: "2.8.2"
  characters:
    dependency: transitive
    description:
      name: characters
      sha256: "04a925763edad70e8443c99234dc3328f442e811f1d8fd1a72f1c8ad0f69a605"
      url: "https://pub.dev"
    source: hosted
    version: "1.3.0"
  charcode:
    dependency: transitive
    description:
      name: charcode
      sha256: "8e36feea6de5ea69f2199f29cf42a450a855738c498b57c0b980e2d3cca9c362"
      url: "https://pub.dev"
    source: hosted
    version: "1.2.0"
  collection:
    dependency: transitive
    description:
      name: collection
      sha256: a1ace0a119f20aabc852d165077c036cd864315bd99b7eaa10a60100341941bf
      url: "https://pub.dev"
    source: hosted
    version: "1.19.0"
  cross_file:
    dependency: transitive
    description:
      name: cross_file
      sha256: "7caf6a750a0c04effbb52a676dce9a4a592e10ad35c34d6d2d0e4811160d5670"
      url: "https://pub.dev"
    source: hosted
    version: "0.3.4+2"
  crypto:
    dependency: transitive
    description:
      name: crypto
      sha256: "8be10341257b613566fdc9fd073c46f7c032ed329b1c732bda17aca29f2366c8"
      url: "https://pub.dev"
    source: hosted
    version: "3.0.0"
  dio:
    dependency: "direct main"
    description:
      name: dio
      sha256: "5598aa796bbf4699afd5c67c0f5f6e2ed542afc956884b9cd58c306966efc260"
      url: "https://pub.dev"
    source: hosted
    version: "5.7.0"
  dio_web_adapter:
    dependency: transitive
    description:
      name: dio_web_adapter
      sha256: "36c5b2d79eb17cdae41e974b7a8284fec631651d2a6f39a8a2ff22327e90aeac"
      url: "https://pub.dev"
    source: hosted
    version: "1.0.1"
  ffi:
    dependency: transitive
    description:
      name: ffi
      sha256: "16ed7b077ef01ad6170a3d0c57caa4a112a38d7a2ed5602e0aca9ca6f3d98da6"
      url: "https://pub.dev"
    source: hosted
    version: "2.1.3"
  file:
    dependency: transitive
    description:
      name: file
      sha256: "1b92bec4fc2a72f59a8e15af5f52cd441e4a7860b49499d69dfa817af20e925d"
      url: "https://pub.dev"
    source: hosted
    version: "6.1.4"
  flutter:
    dependency: "direct main"
    description: flutter
    source: sdk
    version: "0.0.0"
  flutter_web_plugins:
    dependency: transitive
    description: flutter
    source: sdk
    version: "0.0.0"
  http_parser:
    dependency: transitive
    description:
      name: http_parser
      sha256: e362d639ba3bc07d5a71faebb98cde68c05bfbcfbbb444b60b6f60bb67719185
      url: "https://pub.dev"
    source: hosted
    version: "4.0.0"
  material_color_utilities:
    dependency: transitive
    description:
      name: material_color_utilities
      sha256: f7142bb1154231d7ea5f96bc7bde4bda2a0945d2806bb11670e30b850d56bdec
      url: "https://pub.dev"
    source: hosted
    version: "0.11.1"
  meta:
    dependency: transitive
    description:
      name: meta
      sha256: bdb68674043280c3428e9ec998512fb681678676b3c54e773629ffe74419f8c7
      url: "https://pub.dev"
    source: hosted
    version: "1.15.0"
  mime:
    dependency: transitive
    description:
      name: mime
      sha256: e4ff8e8564c03f255408decd16e7899da1733852a9110a58fe6d1b817684a63e
      url: "https://pub.dev"
    source: hosted
    version: "1.0.4"
  path:
    dependency: transitive
    description:
      name: path
      sha256: "2ad4cddff7f5cc0e2d13069f2a3f7a73ca18f66abd6f5ecf215219cdb3638edb"
      url: "https://pub.dev"
    source: hosted
    version: "1.8.0"
  path_provider:
    dependency: "direct main"
    description:
      name: path_provider
      sha256: "50c5dd5b6e1aaf6fb3a78b33f6aa3afca52bf903a8a5298f53101fdaee55bbcd"
      url: "https://pub.dev"
    source: hosted
    version: "2.1.5"
  path_provider_android:
    dependency: transitive
    description:
      name: path_provider_android
      sha256: "4adf4fd5423ec60a29506c76581bc05854c55e3a0b72d35bb28d661c9686edf2"
      url: "https://pub.dev"
    source: hosted
    version: "2.2.15"
  path_provider_foundation:
    dependency: transitive
    description:
      name: path_provider_foundation
      sha256: "5a7999be66e000916500be4f15a3633ebceb8302719b47b9cc49ce924125350f"
      url: "https://pub.dev"
    source: hosted
    version: "2.3.2"
  path_provider_linux:
    dependency: transitive
    description:
      name: path_provider_linux
      sha256: ba2b77f0c52a33db09fc8caf85b12df691bf28d983e84cf87ff6d693cfa007b3
      url: "https://pub.dev"
    source: hosted
    version: "2.2.0"
  path_provider_platform_interface:
    dependency: transitive
    description:
      name: path_provider_platform_interface
      sha256: bced5679c7df11190e1ddc35f3222c858f328fff85c3942e46e7f5589bf9eb84
      url: "https://pub.dev"
    source: hosted
    version: "2.1.0"
  path_provider_windows:
    dependency: transitive
    description:
      name: path_provider_windows
      sha256: ee0e0d164516b90ae1f970bdf29f726f1aa730d7cfc449ecc74c495378b705da
      url: "https://pub.dev"
    source: hosted
    version: "2.2.0"
  platform:
    dependency: transitive
    description:
      name: platform
      sha256: ebc79f16b5f6b609aad4a5e63447d4795d16f7adee46e93ed03200848c006735
      url: "https://pub.dev"
    source: hosted
    version: "3.0.0"
  plugin_platform_interface:
    dependency: transitive
    description:
      name: plugin_platform_interface
      sha256: "4820fbfdb9478b1ebae27888254d445073732dae3d6ea81f0b7e06d5dedc3f02"
      url: "https://pub.dev"
    source: hosted
    version: "2.1.8"
  process:
    dependency: transitive
    description:
      name: process
      sha256: "7009fcaa731943cfd124f11e23428bf9ceb38f08df079fb79c915fa726a5a739"
      url: "https://pub.dev"
    source: hosted
    version: "4.0.0"
  share_plus:
    dependency: "direct main"
    description:
      name: share_plus
      sha256: fce43200aa03ea87b91ce4c3ac79f0cecd52e2a7a56c7a4185023c271fbfa6da
      url: "https://pub.dev"
    source: hosted
    version: "10.1.4"
  share_plus_platform_interface:
    dependency: transitive
    description:
      name: share_plus_platform_interface
      sha256: cc012a23fc2d479854e6c80150696c4a5f5bb62cb89af4de1c505cf78d0a5d0b
      url: "https://pub.dev"
    source: hosted
    version: "5.0.2"
  sky_engine:
    dependency: transitive
    description: flutter
    source: sdk
    version: "0.0.0"
  source_span:
    dependency: transitive
    description:
      name: source_span
      sha256: f4b22294de9a549967d0033d4f30fcad4f0afc200f4bf58e82d815725feec70c
      url: "https://pub.dev"
    source: hosted
    version: "1.8.0"
  string_scanner:
    dependency: transitive
    description:
      name: string_scanner
      sha256: dd11571b8a03f7cadcf91ec26a77e02bfbd6bbba2a512924d3116646b4198fc4
      url: "https://pub.dev"
    source: hosted
    version: "1.1.0"
  term_glyph:
    dependency: transitive
    description:
      name: term_glyph
      sha256: a88162591b02c1f3a3db3af8ce1ea2b374bd75a7bb8d5e353bcfbdc79d719830
      url: "https://pub.dev"
    source: hosted
    version: "1.2.0"
  typed_data:
    dependency: transitive
    description:
      name: typed_data
      sha256: "53bdf7e979cfbf3e28987552fd72f637e63f3c8724c9e56d9246942dc2fa36ee"
      url: "https://pub.dev"
    source: hosted
    version: "1.3.0"
  url_launcher_linux:
    dependency: transitive
    description:
      name: url_launcher_linux
      sha256: "4e9ba368772369e3e08f231d2301b4ef72b9ff87c31192ef471b380ef29a4935"
      url: "https://pub.dev"
    source: hosted
    version: "3.2.1"
  url_launcher_platform_interface:
    dependency: transitive
    description:
      name: url_launcher_platform_interface
      sha256: "552f8a1e663569be95a8190206a38187b531910283c3e982193e4f2733f01029"
      url: "https://pub.dev"
    source: hosted
    version: "2.3.2"
  url_launcher_web:
    dependency: transitive
    description:
      name: url_launcher_web
      sha256: "772638d3b34c779ede05ba3d38af34657a05ac55b06279ea6edd409e323dca8e"
      url: "https://pub.dev"
    source: hosted
    version: "2.3.3"
  url_launcher_windows:
    dependency: transitive
    description:
      name: url_launcher_windows
      sha256: "3284b6d2ac454cf34f114e1d3319866fdd1e19cdc329999057e44ffe936cfa77"
      url: "https://pub.dev"
    source: hosted
    version: "3.1.4"
  uuid:
    dependency: transitive
    description:
      name: uuid
      sha256: "648e103079f7c64a36dc7d39369cabb358d377078a051d6ae2ad3aa539519313"
      url: "https://pub.dev"
    source: hosted
    version: "3.0.7"
  vector_math:
    dependency: transitive
    description:
      name: vector_math
      sha256: "80b3257d1492ce4d091729e3a67a60407d227c27241d6927be0130c98e741803"
      url: "https://pub.dev"
    source: hosted
    version: "2.1.4"
  web:
    dependency: transitive
    description:
      name: web
      sha256: cd3543bd5798f6ad290ea73d210f423502e71900302dde696f8bff84bf89a1cb
      url: "https://pub.dev"
    source: hosted
    version: "1.1.0"
  win32:
    dependency: transitive
    description:
      name: win32
      sha256: "154360849a56b7b67331c21f09a386562d88903f90a1099c5987afc1912e1f29"
      url: "https://pub.dev"
    source: hosted
    version: "5.10.0"
  xdg_directories:
    dependency: transitive
    description:
      name: xdg_directories
      sha256: "0186b3f2d66be9a12b0295bddcf8b6f8c0b0cc2f85c6287344e2a6366bc28457"
      url: "https://pub.dev"
    source: hosted
    version: "0.2.0"
sdks:
  dart: ">=3.5.0 <4.0.0"
  flutter: ">=3.24.0"
